
Microsoft Visual Studio Solution File, Format Version 12.00
Project("{FAE04EC0-301F-11D3-BF4B-00C04F79EFBC}") = "SittingFox", "SittingFox\SittingFox.csproj", "{5C6876FD-9AF2-4328-B383-C526D1D7BAF1}"
EndProject
Global
	GlobalSection(SolutionConfigurationPlatforms) = preSolution
		Debug|Any CPU = Debug|Any CPU
		Release|Any CPU = Release|Any CPU
	EndGlobalSection
	GlobalSection(ProjectConfigurationPlatforms) = postSolution
		{5C6876FD-9AF2-4328-B383-C526D1D7BAF1}.Debug|Any CPU.ActiveCfg = Debug|Any CPU
		{5C6876FD-9AF2-4328-B383-C526D1D7BAF1}.Debug|Any CPU.Build.0 = Debug|Any CPU
		{5C6876FD-9AF2-4328-B383-C526D1D7BAF1}.Release|Any CPU.ActiveCfg = Release|Any CPU
		{5C6876FD-9AF2-4328-B383-C526D1D7BAF1}.Release|Any CPU.Build.0 = Release|Any CPU
	EndGlobalSection
EndGlobal
